
Microsoft Visual Studio Solution File, Format Version 12.00
# Visual Studio Version 17
VisualStudioVersion = 17.5.002.0
MinimumVisualStudioVersion = 10.0.40219.1
Project("{9A19103F-16F7-4668-BE54-9A1E7A4F7556}") = "ClinVet", "ClinVet.csproj", "{453692EB-2664-4630-AC96-76FE584EE122}"
EndProject
Global
	GlobalSection(SolutionConfigurationPlatforms) = preSolution
		Debug|Any CPU = Debug|Any CPU
		Release|Any CPU = Release|Any CPU
	EndGlobalSection
	GlobalSection(ProjectConfigurationPlatforms) = postSolution
		{453692EB-2664-4630-AC96-76FE584EE122}.Debug|Any CPU.ActiveCfg = Debug|Any CPU
		{453692EB-2664-4630-AC96-76FE584EE122}.Debug|Any CPU.Build.0 = Debug|Any CPU
		{453692EB-2664-4630-AC96-76FE584EE122}.Release|Any CPU.ActiveCfg = Release|Any CPU
		{453692EB-2664-4630-AC96-76FE584EE122}.Release|Any CPU.Build.0 = Release|Any CPU
	EndGlobalSection
	GlobalSection(SolutionProperties) = preSolution
		HideSolutionNode = FALSE
	EndGlobalSection
	GlobalSection(ExtensibilityGlobals) = postSolution
		SolutionGuid = {7AD41E77-9138-484F-9247-AC10D7151C4F}
	EndGlobalSection
EndGlobal
